{
  "name": "personal-budget-angular",
  "lockfileVersion": 2,
  "requires": true,
  "packages": {
    "": {
      "dependencies": {
        "p2": "^0.7.1"
      }
    },
    "node_modules/p2": {
      "version": "0.7.1",
      "resolved": "https://registry.npmjs.org/p2/-/p2-0.7.1.tgz",
      "integrity": "sha512-wJxG87tHPlAO1iwGettkiU4ptoytQDoJSeP+PV8aZVT//ZHlD2H2uMtIPnQG8MXAaGR9OI1o1pqBV1g/fpNgNw==",
      "dependencies": {
        "poly-decomp": "0.1.1"
      },
      "engines": {
        "node": "*"
      }
    },
    "node_modules/poly-decomp": {
      "version": "0.1.1",
      "resolved": "https://registry.npmjs.org/poly-decomp/-/poly-decomp-0.1.1.tgz",
      "integrity": "sha512-clSDtuC48FR2PL2z/+VIRhfnxC7776GlJgDNAh1ZIqYOiaGqrINB+xGIWQypLgpz6Z/Ht/w7rTFEGFRNuSPOuA==",
      "engines": {
        "node": "*"
      }
    }
  },
  "dependencies": {
    "p2": {
      "version": "0.7.1",
      "resolved": "https://registry.npmjs.org/p2/-/p2-0.7.1.tgz",
      "integrity": "sha512-wJxG87tHPlAO1iwGettkiU4ptoytQDoJSeP+PV8aZVT//ZHlD2H2uMtIPnQG8MXAaGR9OI1o1pqBV1g/fpNgNw==",
      "requires": {
        "poly-decomp": "0.1.1"
      }
    },
    "poly-decomp": {
      "version": "0.1.1",
      "resolved": "https://registry.npmjs.org/poly-decomp/-/poly-decomp-0.1.1.tgz",
      "integrity": "sha512-clSDtuC48FR2PL2z/+VIRhfnxC7776GlJgDNAh1ZIqYOiaGqrINB+xGIWQypLgpz6Z/Ht/w7rTFEGFRNuSPOuA=="
    }
  }
}
